
Microsoft Visual Studio Solution File, Format Version 12.00
# Visual Studio 2013
VisualStudioVersion = 12.0.30723.0
MinimumVisualStudioVersion = 10.0.40219.1
Project("{FAE04EC0-301F-11D3-BF4B-00C04F79EFBC}") = "SOLID", "DI\SOLID.csproj", "{C79349D0-E1C0-4D54-940D-4C12920A7C4F}"
EndProject
Project("{FAE04EC0-301F-11D3-BF4B-00C04F79EFBC}") = "AgilePrinciplesPatterns", "AgilePrinciplesPatterns\AgilePrinciplesPatterns.csproj", "{5814D744-210E-4C90-BEC8-95801A642BC6}"
EndProject
Project("{FAE04EC0-301F-11D3-BF4B-00C04F79EFBC}") = "Bowling", "Bowling\Bowling.csproj", "{B36B9F9D-78CD-421C-BEC4-A152B3549FB9}"
EndProject
Project("{2150E333-8FDC-42A3-9474-1A3956D46DE8}") = "BowlingGame", "BowlingGame", "{77FFF2A5-D1C1-4C73-95E4-B4081152583F}"
EndProject
Project("{FAE04EC0-301F-11D3-BF4B-00C04F79EFBC}") = "BowlingTests", "BowlingTests\BowlingTests.csproj", "{D4B6A2CA-B016-4A78-AFA1-1D42816A62C3}"
EndProject
Project("{FAE04EC0-301F-11D3-BF4B-00C04F79EFBC}") = "RefactoringByMartin", "RefactoringByMartin\RefactoringByMartin.csproj", "{A1FCAF11-04A4-4718-B9B9-609A862222D9}"
EndProject
Project("{2150E333-8FDC-42A3-9474-1A3956D46DE8}") = "AsynchronousLogger", "AsynchronousLogger", "{0928C5FE-63CD-4970-BD26-AA9706944D1C}"
EndProject
Project("{FAE04EC0-301F-11D3-BF4B-00C04F79EFBC}") = "AsynchronousLogger", "AsynchronousLogger\AsynchronousLogger.csproj", "{A53B7140-EE79-44EF-9ED7-794A329916FD}"
EndProject
Global
	GlobalSection(SolutionConfigurationPlatforms) = preSolution
		Debug|Any CPU = Debug|Any CPU
		Release|Any CPU = Release|Any CPU
	EndGlobalSection
	GlobalSection(ProjectConfigurationPlatforms) = postSolution
		{C79349D0-E1C0-4D54-940D-4C12920A7C4F}.Debug|Any CPU.ActiveCfg = Debug|Any CPU
		{C79349D0-E1C0-4D54-940D-4C12920A7C4F}.Debug|Any CPU.Build.0 = Debug|Any CPU
		{C79349D0-E1C0-4D54-940D-4C12920A7C4F}.Release|Any CPU.ActiveCfg = Release|Any CPU
		{C79349D0-E1C0-4D54-940D-4C12920A7C4F}.Release|Any CPU.Build.0 = Release|Any CPU
		{5814D744-210E-4C90-BEC8-95801A642BC6}.Debug|Any CPU.ActiveCfg = Debug|Any CPU
		{5814D744-210E-4C90-BEC8-95801A642BC6}.Debug|Any CPU.Build.0 = Debug|Any CPU
		{5814D744-210E-4C90-BEC8-95801A642BC6}.Release|Any CPU.ActiveCfg = Release|Any CPU
		{5814D744-210E-4C90-BEC8-95801A642BC6}.Release|Any CPU.Build.0 = Release|Any CPU
		{B36B9F9D-78CD-421C-BEC4-A152B3549FB9}.Debug|Any CPU.ActiveCfg = Debug|Any CPU
		{B36B9F9D-78CD-421C-BEC4-A152B3549FB9}.Debug|Any CPU.Build.0 = Debug|Any CPU
		{B36B9F9D-78CD-421C-BEC4-A152B3549FB9}.Release|Any CPU.ActiveCfg = Release|Any CPU
		{B36B9F9D-78CD-421C-BEC4-A152B3549FB9}.Release|Any CPU.Build.0 = Release|Any CPU
		{D4B6A2CA-B016-4A78-AFA1-1D42816A62C3}.Debug|Any CPU.ActiveCfg = Debug|Any CPU
		{D4B6A2CA-B016-4A78-AFA1-1D42816A62C3}.Debug|Any CPU.Build.0 = Debug|Any CPU
		{D4B6A2CA-B016-4A78-AFA1-1D42816A62C3}.Release|Any CPU.ActiveCfg = Release|Any CPU
		{D4B6A2CA-B016-4A78-AFA1-1D42816A62C3}.Release|Any CPU.Build.0 = Release|Any CPU
		{A1FCAF11-04A4-4718-B9B9-609A862222D9}.Debug|Any CPU.ActiveCfg = Debug|Any CPU
		{A1FCAF11-04A4-4718-B9B9-609A862222D9}.Debug|Any CPU.Build.0 = Debug|Any CPU
		{A1FCAF11-04A4-4718-B9B9-609A862222D9}.Release|Any CPU.ActiveCfg = Release|Any CPU
		{A1FCAF11-04A4-4718-B9B9-609A862222D9}.Release|Any CPU.Build.0 = Release|Any CPU
		{A53B7140-EE79-44EF-9ED7-794A329916FD}.Debug|Any CPU.ActiveCfg = Debug|Any CPU
		{A53B7140-EE79-44EF-9ED7-794A329916FD}.Debug|Any CPU.Build.0 = Debug|Any CPU
		{A53B7140-EE79-44EF-9ED7-794A329916FD}.Release|Any CPU.ActiveCfg = Release|Any CPU
		{A53B7140-EE79-44EF-9ED7-794A329916FD}.Release|Any CPU.Build.0 = Release|Any CPU
	EndGlobalSection
	GlobalSection(SolutionProperties) = preSolution
		HideSolutionNode = FALSE
	EndGlobalSection
	GlobalSection(NestedProjects) = preSolution
		{B36B9F9D-78CD-421C-BEC4-A152B3549FB9} = {77FFF2A5-D1C1-4C73-95E4-B4081152583F}
		{D4B6A2CA-B016-4A78-AFA1-1D42816A62C3} = {77FFF2A5-D1C1-4C73-95E4-B4081152583F}
		{A53B7140-EE79-44EF-9ED7-794A329916FD} = {0928C5FE-63CD-4970-BD26-AA9706944D1C}
	EndGlobalSection
EndGlobal
